// !$*UTF8*$!
{
	archiveVersion = 1;
	classes = {
	};
	objectVersion = 46;
	objects = {

/* Begin PBXBuildFile section */
		DEACBE811BBA131E00487571 /* AppDelegate.swift in Sources */ = {isa = PBXBuildFile; fileRef = DEACBE801BBA131E00487571 /* AppDelegate.swift */; };
		DEACBE831BBA131E00487571 /* ViewController.swift in Sources */ = {isa = PBXBuildFile; fileRef = DEACBE821BBA131E00487571 /* ViewController.swift */; };
		DEACBE861BBA131E00487571 /* Main.storyboard in Resources */ = {isa = PBXBuildFile; fileRef = DEACBE841BBA131E00487571 /* Main.storyboard */; };
		DEACBE881BBA131E00487571 /* Assets.xcassets in Resources */ = {isa = PBXBuildFile; fileRef = DEACBE871BBA131E00487571 /* Assets.xcassets */; };
		DEACBE8B1BBA131E00487571 /* LaunchScreen.storyboard in Resources */ = {isa = PBXBuildFile; fileRef = DEACBE891BBA131E00487571 /* LaunchScreen.storyboard */; };
/* End PBXBuildFile section */

/* Begin PBXFileReference section */
		DEACBE7D1BBA131E00487571 /* Multiples.app */ = {isa = PBXFileReference; explicitFileType = wrapper.application; includeInIndex = 0; path = Multiples.app; sourceTree = BUILT_PRODUCTS_DIR; };
		DEACBE801BBA131E00487571 /* AppDelegate.swift */ = {isa = PBXFileReference; lastKnownFileType = sourcecode.swift; path = AppDelegate.swift; sourceTree = "<group>"; };
		DEACBE821BBA131E00487571 /* ViewController.swift */ = {isa = PBXFileReference; lastKnownFileType = sourcecode.swift; path = ViewController.swift; sourceTree = "<group>"; };
		DEACBE851BBA131E00487571 /* Base */ = {isa = PBXFileReference; lastKnownFileType = file.storyboard; name = Base; path = Base.lproj/Main.storyboard; sourceTree = "<group>"; };
		DEACBE871BBA131E00487571 /* Assets.xcassets */ = {isa = PBXFileReference; lastKnownFileType = folder.assetcatalog; path = Assets.xcassets; sourceTree = "<group>"; };
		DEACBE8A1BBA131E00487571 /* Base */ = {isa = PBXFileReference; lastKnownFileType = file.storyboard; name = Base; path = Base.lproj/LaunchScreen.storyboard; sourceTree = "<group>"; };
		DEACBE8C1BBA131E00487571 /* Info.plist */ = {isa = PBXFileReference; lastKnownFileType = text.plist.xml; path = Info.plist; sourceTree = "<group>"; };
/* End PBXFileReference section */

/* Begin PBXFrameworksBuildPhase section */
		DEACBE7A1BBA131E00487571 /* Frameworks */ = {
			isa = PBXFrameworksBuildPhase;
			buildActionMask = 2147483647;
			files = (
			);
			runOnlyForDeploymentPostprocessing = 0;
		};
/* End PBXFrameworksBuildPhase section */

/* Begin PBXGroup section */
		DEACBE741BBA131E00487571 = {
			isa = PBXGroup;
			children = (
				DEACBE7F1BBA131E00487571 /* Multiples */,
				DEACBE7E1BBA131E00487571 /* Products */,
			);
			sourceTree = "<group>";
		};
		DEACBE7E1BBA131E00487571 /* Products */ = {
			isa = PBXGroup;
			children = (
				DEACBE7D1BBA131E00487571 /* Multiples.app */,
			);
			name = Products;
			sourceTree = "<group>";
		};
		DEACBE7F1BBA131E00487571 /* Multiples */ = {
			isa = PBXGroup;
			children = (
				DEACBE801BBA131E00487571 /* AppDelegate.swift */,
				DEACBE821BBA131E00487571 /* ViewController.swift */,
				DEACBE841BBA131E00487571 /* Main.storyboard */,
				DEACBE871BBA131E00487571 /* Assets.xcassets */,
				DEACBE891BBA131E00487571 /* LaunchScreen.storyboard */,
				DEACBE8C1BBA131E00487571 /* Info.plist */,
			);
			path = Multiples;
			sourceTree = "<group>";
		};
/* End PBXGroup section */

/* Begin PBXNativeTarget section */
		DEACBE7C1BBA131E00487571 /* Multiples */ = {
			isa = PBXNativeTarget;
			buildConfigurationList = DEACBE8F1BBA131E00487571 /* Build configuration list for PBXNativeTarget "Multiples" */;
			buildPhases = (
				DEACBE791BBA131E00487571 /* Sources */,
				DEACBE7A1BBA131E00487571 /* Frameworks */,
				DEACBE7B1BBA131E00487571 /* Resources */,
			);
			buildRules = (
			);
			dependencies = (
			);
			name = Multiples;
			productName = Multiples;
			productReference = DEACBE7D1BBA131E00487571 /* Multiples.app */;
			productType = "com.apple.product-type.application";
		};
/* End PBXNativeTarget section */

/* Begin PBXProject section */
		DEACBE751BBA131E00487571 /* Project object */ = {
			isa = PBXProject;
			attributes = {
				LastUpgradeCheck = 0700;
				ORGANIZATIONNAME = "Peter Lada";
				TargetAttributes = {
					DEACBE7C1BBA131E00487571 = {
						CreatedOnToolsVersion = 7.0;
					};
				};
			};
			buildConfigurationList = DEACBE781BBA131E00487571 /* Build configuration list for PBXProject "Multiples" */;
			compatibilityVersion = "Xcode 3.2";
			developmentRegion = English;
			hasScannedForEncodings = 0;
			knownRegions = (
				en,
				Base,
			);
			mainGroup = DEACBE741BBA131E00487571;
			productRefGroup = DEACBE7E1BBA131E00487571 /* Products */;
			projectDirPath = "";
			projectRoot = "";
			targets = (
				DEACBE7C1BBA131E00487571 /* Multiples */,
			);
		};
/* End PBXProject section */

/* Begin PBXResourcesBuildPhase section */
		DEACBE7B1BBA131E00487571 /* Resources */ = {
			isa = PBXResourcesBuildPhase;
			buildActionMask = 2147483647;
			files = (
				DEACBE8B1BBA131E00487571 /* LaunchScreen.storyboard in Resources */,
				DEACBE881BBA131E00487571 /* Assets.xcassets in Resources */,
				DEACBE861BBA131E00487571 /* Main.storyboard in Resources */,
			);
			runOnlyForDeploymentPostprocessing = 0;
		};
/* End PBXResourcesBuildPhase section */

/* Begin PBXSourcesBuildPhase section */
		DEACBE791BBA131E00487571 /* Sources */ = {
			isa = PBXSourcesBuildPhase;
			buildActionMask = 2147483647;
			files = (
				DEACBE831BBA131E00487571 /* ViewController.swift in Sources */,
				DEACBE811BBA131E00487571 /* AppDelegate.swift in Sources */,
			);
			runOnlyForDeploymentPostprocessing = 0;
		};
/* End PBXSourcesBuildPhase section */

/* Begin PBXVariantGroup section */
		DEACBE841BBA131E00487571 /* Main.storyboard */ = {
			isa = PBXVariantGroup;
			children = (
				DEACBE851BBA131E00487571 /* Base */,
			);
			name = Main.storyboard;
			sourceTree = "<group>";
		};
		DEACBE891BBA131E00487571 /* LaunchScreen.storyboard */ = {
			isa = PBXVariantGroup;
			children = (
				DEACBE8A1BBA131E00487571 /* Base */,
			);
			name = LaunchScreen.storyboard;
			sourceTree = "<group>";
		};
/* End PBXVariantGroup section */

/* Begin XCBuildConfiguration section */
		DEACBE8D1BBA131E00487571 /* Debug */ = {
			isa = XCBuildConfiguration;
			buildSettings = {
				ALWAYS_SEARCH_USER_PATHS = NO;
				CLANG_CXX_LANGUAGE_STANDARD = "gnu++0x";
				CLANG_CXX_LIBRARY = "libc++";
				CLANG_ENABLE_MODULES = YES;
				CLANG_ENABLE_OBJC_ARC = YES;
				CLANG_WARN_BOOL_CONVERSION = YES;
				CLANG_WARN_CONSTANT_CONVERSION = YES;
				CLANG_WARN_DIRECT_OBJC_ISA_USAGE = YES_ERROR;
				CLANG_WARN_EMPTY_BODY = YES;
				CLANG_WARN_ENUM_CONVERSION = YES;
				CLANG_WARN_INT_CONVERSION = YES;
				CLANG_WARN_OBJC_ROOT_CLASS = YES_ERROR;
				CLANG_WARN_UNREACHABLE_CODE = YES;
				CLANG_WARN__DUPLICATE_METHOD_MATCH = YES;
				"CODE_SIGN_IDENTITY[sdk=iphoneos*]" = "iPhone Developer";
				COPY_PHASE_STRIP = NO;
				DEBUG_INFORMATION_FORMAT = dwarf;
				ENABLE_STRICT_OBJC_MSGSEND = YES;
				ENABLE_TESTABILITY = YES;
				GCC_C_LANGUAGE_STANDARD = gnu99;
				GCC_DYNAMIC_NO_PIC = NO;
				GCC_NO_COMMON_BLOCKS = YES;
				GCC_OPTIMIZATION_LEVEL = 0;
				GCC_PREPROCESSOR_DEFINITIONS = (
					"DEBUG=1",
					"$(inherited)",
				);
				GCC_WARN_64_TO_32_BIT_CONVERSION = YES;
				GCC_WARN_ABOUT_RETURN_TYPE = YES_ERROR;
				GCC_WARN_UNDECLARED_SELECTOR = YES;
				GCC_WARN_UNINITIALIZED_AUTOS = YES_AGGRESSIVE;
				GCC_WARN_UNUSED_FUNCTION = YES;
				GCC_WARN_UNUSED_VARIABLE = YES;
				IPHONEOS_DEPLOYMENT_TARGET = 9.0;
				MTL_ENABLE_DEBUG_INFO = YES;
				ONLY_ACTIVE_ARCH = YES;
				SDKROOT = iphoneos;
				SWIFT_OPTIMIZATION_LEVEL = "-Onone";
			};
			name = Debug;
		};
		DEACBE8E1BBA131E00487571 /* Release */ = {
			isa = XCBuildConfiguration;
			buildSettings = {
				ALWAYS_SEARCH_USER_PATHS = NO;
				CLANG_CXX_LANGUAGE_STANDARD = "gnu++0x";
				CLANG_CXX_LIBRARY = "libc++";
				CLANG_ENABLE_MODULES = YES;
				CLANG_ENABLE_OBJC_ARC = YES;
				CLANG_WARN_BOOL_CONVERSION = YES;
				CLANG_WARN_CONSTANT_CONVERSION = YES;
				CLANG_WARN_DIRECT_OBJC_ISA_USAGE = YES_ERROR;
				CLANG_WARN_EMPTY_BODY = YES;
				CLANG_WARN_ENUM_CONVERSION = YES;
				CLANG_WARN_INT_CONVERSION = YES;
				CLANG_WARN_OBJC_ROOT_CLASS = YES_ERROR;
				CLANG_WARN_UNREACHABLE_CODE = YES;
				CLANG_WARN__DUPLICATE_METHOD_MATCH = YES;
				"CODE_SIGN_IDENTITY[sdk=iphoneos*]" = "iPhone Developer";
				COPY_PHASE_STRIP = NO;
				DEBUG_INFORMATION_FORMAT = "dwarf-with-dsym";
				ENABLE_NS_ASSERTIONS = NO;
				ENABLE_STRICT_OBJC_MSGSEND = YES;
				GCC_C_LANGUAGE_STANDARD = gnu99;
				GCC_NO_COMMON_BLOCKS = YES;
				GCC_WARN_64_TO_32_BIT_CONVERSION = YES;
				GCC_WARN_ABOUT_RETURN_TYPE = YES_ERROR;
				GCC_WARN_UNDECLARED_SELECTOR = YES;
				GCC_WARN_UNINITIALIZED_AUTOS = YES_AGGRESSIVE;
				GCC_WARN_UNUSED_FUNCTION = YES;
				GCC_WARN_UNUSED_VARIABLE = YES;
				IPHONEOS_DEPLOYMENT_TARGET = 9.0;
				MTL_ENABLE_DEBUG_INFO = NO;
				SDKROOT = iphoneos;
				VALIDATE_PRODUCT = YES;
			};
			name = Release;
		};
		DEACBE901BBA131E00487571 /* Debug */ = {
			isa = XCBuildConfiguration;
			buildSettings = {
				ASSETCATALOG_COMPILER_APPICON_NAME = AppIcon;
				INFOPLIST_FILE = Multiples/Info.plist;
				LD_RUNPATH_SEARCH_PATHS = "$(inherited) @executable_path/Frameworks";
				PRODUCT_BUNDLE_IDENTIFIER = com.peterlada.Multiples;
				PRODUCT_NAME = "$(TARGET_NAME)";
			};
			name = Debug;
		};
		DEACBE911BBA131E00487571 /* Release */ = {
			isa = XCBuildConfiguration;
			buildSettings = {
				ASSETCATALOG_COMPILER_APPICON_NAME = AppIcon;
				INFOPLIST_FILE = Multiples/Info.plist;
				LD_RUNPATH_SEARCH_PATHS = "$(inherited) @executable_path/Frameworks";
				PRODUCT_BUNDLE_IDENTIFIER = com.peterlada.Multiples;
				PRODUCT_NAME = "$(TARGET_NAME)";
			};
			name = Release;
		};
/* End XCBuildConfiguration section */

/* Begin XCConfigurationList section */
		DEACBE781BBA131E00487571 /* Build configuration list for PBXProject "Multiples" */ = {
			isa = XCConfigurationList;
			buildConfigurations = (
				DEACBE8D1BBA131E00487571 /* Debug */,
				DEACBE8E1BBA131E00487571 /* Release */,
			);
			defaultConfigurationIsVisible = 0;
			defaultConfigurationName = Release;
		};
		DEACBE8F1BBA131E00487571 /* Build configuration list for PBXNativeTarget "Multiples" */ = {
			isa = XCConfigurationList;
			buildConfigurations = (
				DEACBE901BBA131E00487571 /* Debug */,
				DEACBE911BBA131E00487571 /* Release */,
			);
			defaultConfigurationIsVisible = 0;
		};
/* End XCConfigurationList section */
	};
	rootObject = DEACBE751BBA131E00487571 /* Project object */;
}
